
Microsoft Visual Studio Solution File, Format Version 12.00
# Visual Studio Express 2012 for Windows Desktop
Project("{FAE04EC0-301F-11D3-BF4B-00C04F79EFBC}") = "Holo Data", "Holo Data\Holo Data.csproj", "{D8B02D70-03F3-4F37-8D4C-E4C60F59EFD3}"
EndProject
Global
	GlobalSection(SolutionConfigurationPlatforms) = preSolution
		Debug|Any CPU = Debug|Any CPU
		Release|Any CPU = Release|Any CPU
	EndGlobalSection
	GlobalSection(ProjectConfigurationPlatforms) = postSolution
		{D8B02D70-03F3-4F37-8D4C-E4C60F59EFD3}.Debug|Any CPU.ActiveCfg = Debug|Any CPU
		{D8B02D70-03F3-4F37-8D4C-E4C60F59EFD3}.Debug|Any CPU.Build.0 = Debug|Any CPU
		{D8B02D70-03F3-4F37-8D4C-E4C60F59EFD3}.Release|Any CPU.ActiveCfg = Release|Any CPU
		{D8B02D70-03F3-4F37-8D4C-E4C60F59EFD3}.Release|Any CPU.Build.0 = Release|Any CPU
	EndGlobalSection
	GlobalSection(SolutionProperties) = preSolution
		HideSolutionNode = FALSE
	EndGlobalSection
EndGlobal
